// !$*UTF8*$!
{
	archiveVersion = 1;
	classes = {
	};
	objectVersion = 46;
	objects = {

/* Begin PBXBuildFile section */
		EDDBF90C1E897AD500B5F461 /* main.c in Sources */ = {isa = PBXBuildFile; fileRef = EDDBF90B1E897AD500B5F461 /* main.c */; };
		EDDBF9151E897C9600B5F461 /* LibClientFunctions.c in Sources */ = {isa = PBXBuildFile; fileRef = EDDBF9131E897C9600B5F461 /* LibClientFunctions.c */; };
/* End PBXBuildFile section */

/* Begin PBXCopyFilesBuildPhase section */
		EDDBF9061E897AD500B5F461 /* CopyFiles */ = {
			isa = PBXCopyFilesBuildPhase;
			buildActionMask = 2147483647;
			dstPath = /usr/share/man/man1/;
			dstSubfolderSpec = 0;
			files = (
			);
			runOnlyForDeploymentPostprocessing = 1;
		};
/* End PBXCopyFilesBuildPhase section */

/* Begin PBXFileReference section */
		ED1B85921E8A862A001730B9 /* libsqlite3.0.tbd */ = {isa = PBXFileReference; lastKnownFileType = "sourcecode.text-based-dylib-definition"; name = libsqlite3.0.tbd; path = usr/lib/libsqlite3.0.tbd; sourceTree = SDKROOT; };
		EDDBF9081E897AD500B5F461 /* LabCMarketClient */ = {isa = PBXFileReference; explicitFileType = "compiled.mach-o.executable"; includeInIndex = 0; path = LabCMarketClient; sourceTree = BUILT_PRODUCTS_DIR; };
		EDDBF90B1E897AD500B5F461 /* main.c */ = {isa = PBXFileReference; lastKnownFileType = sourcecode.c.c; path = main.c; sourceTree = "<group>"; };
		EDDBF9131E897C9600B5F461 /* LibClientFunctions.c */ = {isa = PBXFileReference; fileEncoding = 4; lastKnownFileType = sourcecode.c.c; path = LibClientFunctions.c; sourceTree = "<group>"; };
		EDDBF9141E897C9600B5F461 /* LibClientFunctions.h */ = {isa = PBXFileReference; fileEncoding = 4; lastKnownFileType = sourcecode.c.h; path = LibClientFunctions.h; sourceTree = "<group>"; };
/* End PBXFileReference section */

/* Begin PBXFrameworksBuildPhase section */
		EDDBF9051E897AD500B5F461 /* Frameworks */ = {
			isa = PBXFrameworksBuildPhase;
			buildActionMask = 2147483647;
			files = (
			);
			runOnlyForDeploymentPostprocessing = 0;
		};
/* End PBXFrameworksBuildPhase section */

/* Begin PBXGroup section */
		ED1B85911E8A862A001730B9 /* Frameworks */ = {
			isa = PBXGroup;
			children = (
				ED1B85921E8A862A001730B9 /* libsqlite3.0.tbd */,
			);
			name = Frameworks;
			sourceTree = "<group>";
		};
		EDDBF8FF1E897AD500B5F461 = {
			isa = PBXGroup;
			children = (
				EDDBF90A1E897AD500B5F461 /* LabCMarketClient */,
				EDDBF9091E897AD500B5F461 /* Products */,
				ED1B85911E8A862A001730B9 /* Frameworks */,
			);
			sourceTree = "<group>";
		};
		EDDBF9091E897AD500B5F461 /* Products */ = {
			isa = PBXGroup;
			children = (
				EDDBF9081E897AD500B5F461 /* LabCMarketClient */,
			);
			name = Products;
			sourceTree = "<group>";
		};
		EDDBF90A1E897AD500B5F461 /* LabCMarketClient */ = {
			isa = PBXGroup;
			children = (
				EDDBF90B1E897AD500B5F461 /* main.c */,
				EDDBF9131E897C9600B5F461 /* LibClientFunctions.c */,
				EDDBF9141E897C9600B5F461 /* LibClientFunctions.h */,
			);
			path = LabCMarketClient;
			sourceTree = "<group>";
		};
/* End PBXGroup section */

/* Begin PBXNativeTarget section */
		EDDBF9071E897AD500B5F461 /* LabCMarketClient */ = {
			isa = PBXNativeTarget;
			buildConfigurationList = EDDBF90F1E897AD500B5F461 /* Build configuration list for PBXNativeTarget "LabCMarketClient" */;
			buildPhases = (
				EDDBF9041E897AD500B5F461 /* Sources */,
				EDDBF9051E897AD500B5F461 /* Frameworks */,
				EDDBF9061E897AD500B5F461 /* CopyFiles */,
			);
			buildRules = (
			);
			dependencies = (
			);
			name = LabCMarketClient;
			productName = LabCMarketClient;
			productReference = EDDBF9081E897AD500B5F461 /* LabCMarketClient */;
			productType = "com.apple.product-type.tool";
		};
/* End PBXNativeTarget section */

/* Begin PBXProject section */
		EDDBF9001E897AD500B5F461 /* Project object */ = {
			isa = PBXProject;
			attributes = {
				LastUpgradeCheck = 0820;
				ORGANIZATIONNAME = "Guilherme Guia";
				TargetAttributes = {
					EDDBF9071E897AD500B5F461 = {
						CreatedOnToolsVersion = 8.2.1;
						ProvisioningStyle = Automatic;
					};
				};
			};
			buildConfigurationList = EDDBF9031E897AD500B5F461 /* Build configuration list for PBXProject "LabCMarketClient" */;
			compatibilityVersion = "Xcode 3.2";
			developmentRegion = English;
			hasScannedForEncodings = 0;
			knownRegions = (
				en,
			);
			mainGroup = EDDBF8FF1E897AD500B5F461;
			productRefGroup = EDDBF9091E897AD500B5F461 /* Products */;
			projectDirPath = "";
			projectRoot = "";
			targets = (
				EDDBF9071E897AD500B5F461 /* LabCMarketClient */,
			);
		};
/* End PBXProject section */

/* Begin PBXSourcesBuildPhase section */
		EDDBF9041E897AD500B5F461 /* Sources */ = {
			isa = PBXSourcesBuildPhase;
			buildActionMask = 2147483647;
			files = (
				EDDBF9151E897C9600B5F461 /* LibClientFunctions.c in Sources */,
				EDDBF90C1E897AD500B5F461 /* main.c in Sources */,
			);
			runOnlyForDeploymentPostprocessing = 0;
		};
/* End PBXSourcesBuildPhase section */

/* Begin XCBuildConfiguration section */
		EDDBF90D1E897AD500B5F461 /* Debug */ = {
			isa = XCBuildConfiguration;
			buildSettings = {
				ALWAYS_SEARCH_USER_PATHS = NO;
				CLANG_ANALYZER_NONNULL = YES;
				CLANG_CXX_LANGUAGE_STANDARD = "gnu++0x";
				CLANG_CXX_LIBRARY = "libc++";
				CLANG_ENABLE_MODULES = YES;
				CLANG_ENABLE_OBJC_ARC = YES;
				CLANG_WARN_BOOL_CONVERSION = YES;
				CLANG_WARN_CONSTANT_CONVERSION = YES;
				CLANG_WARN_DIRECT_OBJC_ISA_USAGE = YES_ERROR;
				CLANG_WARN_DOCUMENTATION_COMMENTS = YES;
				CLANG_WARN_EMPTY_BODY = YES;
				CLANG_WARN_ENUM_CONVERSION = YES;
				CLANG_WARN_INFINITE_RECURSION = YES;
				CLANG_WARN_INT_CONVERSION = YES;
				CLANG_WARN_OBJC_ROOT_CLASS = YES_ERROR;
				CLANG_WARN_SUSPICIOUS_MOVE = YES;
				CLANG_WARN_UNREACHABLE_CODE = YES;
				CLANG_WARN__DUPLICATE_METHOD_MATCH = YES;
				CODE_SIGN_IDENTITY = "-";
				COPY_PHASE_STRIP = NO;
				DEBUG_INFORMATION_FORMAT = dwarf;
				ENABLE_STRICT_OBJC_MSGSEND = YES;
				ENABLE_TESTABILITY = YES;
				GCC_C_LANGUAGE_STANDARD = gnu99;
				GCC_DYNAMIC_NO_PIC = NO;
				GCC_NO_COMMON_BLOCKS = YES;
				GCC_OPTIMIZATION_LEVEL = 0;
				GCC_PREPROCESSOR_DEFINITIONS = (
					"DEBUG=1",
					"$(inherited)",
				);
				GCC_WARN_64_TO_32_BIT_CONVERSION = YES;
				GCC_WARN_ABOUT_RETURN_TYPE = YES_ERROR;
				GCC_WARN_UNDECLARED_SELECTOR = YES;
				GCC_WARN_UNINITIALIZED_AUTOS = YES_AGGRESSIVE;
				GCC_WARN_UNUSED_FUNCTION = YES;
				GCC_WARN_UNUSED_VARIABLE = YES;
				MACOSX_DEPLOYMENT_TARGET = 10.12;
				MTL_ENABLE_DEBUG_INFO = YES;
				ONLY_ACTIVE_ARCH = YES;
				SDKROOT = macosx;
			};
			name = Debug;
		};
		EDDBF90E1E897AD500B5F461 /* Release */ = {
			isa = XCBuildConfiguration;
			buildSettings = {
				ALWAYS_SEARCH_USER_PATHS = NO;
				CLANG_ANALYZER_NONNULL = YES;
				CLANG_CXX_LANGUAGE_STANDARD = "gnu++0x";
				CLANG_CXX_LIBRARY = "libc++";
				CLANG_ENABLE_MODULES = YES;
				CLANG_ENABLE_OBJC_ARC = YES;
				CLANG_WARN_BOOL_CONVERSION = YES;
				CLANG_WARN_CONSTANT_CONVERSION = YES;
				CLANG_WARN_DIRECT_OBJC_ISA_USAGE = YES_ERROR;
				CLANG_WARN_DOCUMENTATION_COMMENTS = YES;
				CLANG_WARN_EMPTY_BODY = YES;
				CLANG_WARN_ENUM_CONVERSION = YES;
				CLANG_WARN_INFINITE_RECURSION = YES;
				CLANG_WARN_INT_CONVERSION = YES;
				CLANG_WARN_OBJC_ROOT_CLASS = YES_ERROR;
				CLANG_WARN_SUSPICIOUS_MOVE = YES;
				CLANG_WARN_UNREACHABLE_CODE = YES;
				CLANG_WARN__DUPLICATE_METHOD_MATCH = YES;
				CODE_SIGN_IDENTITY = "-";
				COPY_PHASE_STRIP = NO;
				DEBUG_INFORMATION_FORMAT = "dwarf-with-dsym";
				ENABLE_NS_ASSERTIONS = NO;
				ENABLE_STRICT_OBJC_MSGSEND = YES;
				GCC_C_LANGUAGE_STANDARD = gnu99;
				GCC_NO_COMMON_BLOCKS = YES;
				GCC_WARN_64_TO_32_BIT_CONVERSION = YES;
				GCC_WARN_ABOUT_RETURN_TYPE = YES_ERROR;
				GCC_WARN_UNDECLARED_SELECTOR = YES;
				GCC_WARN_UNINITIALIZED_AUTOS = YES_AGGRESSIVE;
				GCC_WARN_UNUSED_FUNCTION = YES;
				GCC_WARN_UNUSED_VARIABLE = YES;
				MACOSX_DEPLOYMENT_TARGET = 10.12;
				MTL_ENABLE_DEBUG_INFO = NO;
				SDKROOT = macosx;
			};
			name = Release;
		};
		EDDBF9101E897AD500B5F461 /* Debug */ = {
			isa = XCBuildConfiguration;
			buildSettings = {
				PRODUCT_NAME = "$(TARGET_NAME)";
			};
			name = Debug;
		};
		EDDBF9111E897AD500B5F461 /* Release */ = {
			isa = XCBuildConfiguration;
			buildSettings = {
				PRODUCT_NAME = "$(TARGET_NAME)";
			};
			name = Release;
		};
/* End XCBuildConfiguration section */

/* Begin XCConfigurationList section */
		EDDBF9031E897AD500B5F461 /* Build configuration list for PBXProject "LabCMarketClient" */ = {
			isa = XCConfigurationList;
			buildConfigurations = (
				EDDBF90D1E897AD500B5F461 /* Debug */,
				EDDBF90E1E897AD500B5F461 /* Release */,
			);
			defaultConfigurationIsVisible = 0;
			defaultConfigurationName = Release;
		};
		EDDBF90F1E897AD500B5F461 /* Build configuration list for PBXNativeTarget "LabCMarketClient" */ = {
			isa = XCConfigurationList;
			buildConfigurations = (
				EDDBF9101E897AD500B5F461 /* Debug */,
				EDDBF9111E897AD500B5F461 /* Release */,
			);
			defaultConfigurationIsVisible = 0;
			defaultConfigurationName = Release;
		};
/* End XCConfigurationList section */
	};
	rootObject = EDDBF9001E897AD500B5F461 /* Project object */;
}
